Microsoft Visual Studio Solution File, Format Version 12.00
# Visual Studio 2013
VisualStudioVersion = 12.0.31101.0
MinimumVisualStudioVersion = 10.0.40219.1
Project("{8BC9CEB8-8B4A-11D0-8D11-00A0C91BC942}") = "D3D9Render", "D3D9Render\D3D9Render.vcxproj", "{00F7E232-5BF2-41C6-96E1-4447C2B01B81}"
	ProjectSection(ProjectDependencies) = postProject
		{DE848D78-546A-4817-82CC-2D98187BCA42} = {DE848D78-546A-4817-82CC-2D98187BCA42}
		{7FD971BB-9947-4D2A-962A-13FC5949CCAD} = {7FD971BB-9947-4D2A-962A-13FC5949CCAD}
		{AF6CE8CE-B4BB-4D19-931A-B6EFFAC0EBAF} = {AF6CE8CE-B4BB-4D19-931A-B6EFFAC0EBAF}
		{5A6E96D8-6458-46B8-AC67-D559E03C6181} = {5A6E96D8-6458-46B8-AC67-D559E03C6181}
	EndProjectSection
EndProject
Project("{8BC9CEB8-8B4A-11D0-8D11-00A0C91BC942}") = "Main", "Main\Main.vcxproj", "{AF6CE8CE-B4BB-4D19-931A-B6EFFAC0EBAF}"
	ProjectSection(ProjectDependencies) = postProject
		{06041416-68BD-475C-94C7-DB38415D0D45} = {06041416-68BD-475C-94C7-DB38415D0D45}
		{DE848D78-546A-4817-82CC-2D98187BCA42} = {DE848D78-546A-4817-82CC-2D98187BCA42}
		{7FD971BB-9947-4D2A-962A-13FC5949CCAD} = {7FD971BB-9947-4D2A-962A-13FC5949CCAD}
		{5A6E96D8-6458-46B8-AC67-D559E03C6181} = {5A6E96D8-6458-46B8-AC67-D559E03C6181}
	EndProjectSection
EndProject
Project("{8BC9CEB8-8B4A-11D0-8D11-00A0C91BC942}") = "Math", "Math\Math.vcxproj", "{7FD971BB-9947-4D2A-962A-13FC5949CCAD}"
EndProject
Project("{8BC9CEB8-8B4A-11D0-8D11-00A0C91BC942}") = "World", "World\World.vcxproj", "{DE848D78-546A-4817-82CC-2D98187BCA42}"
	ProjectSection(ProjectDependencies) = postProject
		{5A6E96D8-6458-46B8-AC67-D559E03C6181} = {5A6E96D8-6458-46B8-AC67-D559E03C6181}
	EndProjectSection
EndProject
Project("{8BC9CEB8-8B4A-11D0-8D11-00A0C91BC942}") = "Foundation", "Foundation\Foundation.vcxproj", "{06041416-68BD-475C-94C7-DB38415D0D45}"
EndProject
Project("{8BC9CEB8-8B4A-11D0-8D11-00A0C91BC942}") = "Resource", "Resource\Resource.vcxproj", "{5A6E96D8-6458-46B8-AC67-D559E03C6181}"
	ProjectSection(ProjectDependencies) = postProject
		{06041416-68BD-475C-94C7-DB38415D0D45} = {06041416-68BD-475C-94C7-DB38415D0D45}
		{7FD971BB-9947-4D2A-962A-13FC5949CCAD} = {7FD971BB-9947-4D2A-962A-13FC5949CCAD}
	EndProjectSection
EndProject
Project("{8BC9CEB8-8B4A-11D0-8D11-00A0C91BC942}") = "Sample2", "Sample2\Sample2.vcxproj", "{FE5BECAE-D5DC-4B59-802D-D53AB69420D8}"
	ProjectSection(ProjectDependencies) = postProject
		{06041416-68BD-475C-94C7-DB38415D0D45} = {06041416-68BD-475C-94C7-DB38415D0D45}
		{00F7E232-5BF2-41C6-96E1-4447C2B01B81} = {00F7E232-5BF2-41C6-96E1-4447C2B01B81}
		{DE848D78-546A-4817-82CC-2D98187BCA42} = {DE848D78-546A-4817-82CC-2D98187BCA42}
		{7FD971BB-9947-4D2A-962A-13FC5949CCAD} = {7FD971BB-9947-4D2A-962A-13FC5949CCAD}
		{AF6CE8CE-B4BB-4D19-931A-B6EFFAC0EBAF} = {AF6CE8CE-B4BB-4D19-931A-B6EFFAC0EBAF}
		{5A6E96D8-6458-46B8-AC67-D559E03C6181} = {5A6E96D8-6458-46B8-AC67-D559E03C6181}
	EndProjectSection
EndProject
Project("{8BC9CEB8-8B4A-11D0-8D11-00A0C91BC942}") = "Sample_Export", "Sample_Export\Sample_Export.vcxproj", "{3D1BB3AB-CC1B-446E-B444-7F009AFE1B38}"
	ProjectSection(ProjectDependencies) = postProject
		{06041416-68BD-475C-94C7-DB38415D0D45} = {06041416-68BD-475C-94C7-DB38415D0D45}
		{AF6CE8CE-B4BB-4D19-931A-B6EFFAC0EBAF} = {AF6CE8CE-B4BB-4D19-931A-B6EFFAC0EBAF}
	EndProjectSection
EndProject
Project("{8BC9CEB8-8B4A-11D0-8D11-00A0C91BC942}") = "EditorMFC", "EditorMFC\EditorMFC.vcxproj", "{2D565473-04BB-49E2-A640-B865F0B2C3A1}"
	ProjectSection(ProjectDependencies) = postProject
		{06041416-68BD-475C-94C7-DB38415D0D45} = {06041416-68BD-475C-94C7-DB38415D0D45}
		{00F7E232-5BF2-41C6-96E1-4447C2B01B81} = {00F7E232-5BF2-41C6-96E1-4447C2B01B81}
		{DE848D78-546A-4817-82CC-2D98187BCA42} = {DE848D78-546A-4817-82CC-2D98187BCA42}
		{7FD971BB-9947-4D2A-962A-13FC5949CCAD} = {7FD971BB-9947-4D2A-962A-13FC5949CCAD}
		{AF6CE8CE-B4BB-4D19-931A-B6EFFAC0EBAF} = {AF6CE8CE-B4BB-4D19-931A-B6EFFAC0EBAF}
		{5A6E96D8-6458-46B8-AC67-D559E03C6181} = {5A6E96D8-6458-46B8-AC67-D559E03C6181}
	EndProjectSection
EndProject
Project("{8BC9CEB8-8B4A-11D0-8D11-00A0C91BC942}") = "QtEditor", "QtEditor\QtEditor.vcxproj", "{B12702AD-ABFB-343A-A199-8E24837244A3}"
	ProjectSection(ProjectDependencies) = postProject
		{06041416-68BD-475C-94C7-DB38415D0D45} = {06041416-68BD-475C-94C7-DB38415D0D45}
		{00F7E232-5BF2-41C6-96E1-4447C2B01B81} = {00F7E232-5BF2-41C6-96E1-4447C2B01B81}
		{DE848D78-546A-4817-82CC-2D98187BCA42} = {DE848D78-546A-4817-82CC-2D98187BCA42}
		{C94B7B83-3748-46BA-8EAB-CB8C99969256} = {C94B7B83-3748-46BA-8EAB-CB8C99969256}
		{7FD971BB-9947-4D2A-962A-13FC5949CCAD} = {7FD971BB-9947-4D2A-962A-13FC5949CCAD}
		{AF6CE8CE-B4BB-4D19-931A-B6EFFAC0EBAF} = {AF6CE8CE-B4BB-4D19-931A-B6EFFAC0EBAF}
		{5A6E96D8-6458-46B8-AC67-D559E03C6181} = {5A6E96D8-6458-46B8-AC67-D559E03C6181}
	EndProjectSection
EndProject
Project("{8BC9CEB8-8B4A-11D0-8D11-00A0C91BC942}") = "Editor", "Editor\Editor.vcxproj", "{C94B7B83-3748-46BA-8EAB-CB8C99969256}"
EndProject
Global
	GlobalSection(SolutionConfigurationPlatforms) = preSolution
		Debug|Any CPU = Debug|Any CPU
		Debug|Mixed Platforms = Debug|Mixed Platforms
		Debug|Win32 = Debug|Win32
		Debug|x64 = Debug|x64
		Release|Any CPU = Release|Any CPU
		Release|Mixed Platforms = Release|Mixed Platforms
		Release|Win32 = Release|Win32
		Release|x64 = Release|x64
	EndGlobalSection
	GlobalSection(ProjectConfigurationPlatforms) = postSolution
		{00F7E232-5BF2-41C6-96E1-4447C2B01B81}.Debug|Any CPU.ActiveCfg = Debug|Win32
		{00F7E232-5BF2-41C6-96E1-4447C2B01B81}.Debug|Mixed Platforms.ActiveCfg = Debug|Win32
		{00F7E232-5BF2-41C6-96E1-4447C2B01B81}.Debug|Win32.ActiveCfg = Debug|Win32
		{00F7E232-5BF2-41C6-96E1-4447C2B01B81}.Debug|x64.ActiveCfg = Debug|Win32
		{00F7E232-5BF2-41C6-96E1-4447C2B01B81}.Release|Any CPU.ActiveCfg = Release|Win32
		{00F7E232-5BF2-41C6-96E1-4447C2B01B81}.Release|Mixed Platforms.ActiveCfg = Release|Win32
		{00F7E232-5BF2-41C6-96E1-4447C2B01B81}.Release|Win32.ActiveCfg = Release|Win32
		{00F7E232-5BF2-41C6-96E1-4447C2B01B81}.Release|x64.ActiveCfg = Release|Win32
		{AF6CE8CE-B4BB-4D19-931A-B6EFFAC0EBAF}.Debug|Any CPU.ActiveCfg = Debug|Win32
		{AF6CE8CE-B4BB-4D19-931A-B6EFFAC0EBAF}.Debug|Mixed Platforms.ActiveCfg = Debug|Win32
		{AF6CE8CE-B4BB-4D19-931A-B6EFFAC0EBAF}.Debug|Win32.ActiveCfg = Debug|Win32
		{AF6CE8CE-B4BB-4D19-931A-B6EFFAC0EBAF}.Debug|x64.ActiveCfg = Debug|x64
		{AF6CE8CE-B4BB-4D19-931A-B6EFFAC0EBAF}.Release|Any CPU.ActiveCfg = Release|Win32
		{AF6CE8CE-B4BB-4D19-931A-B6EFFAC0EBAF}.Release|Mixed Platforms.ActiveCfg = Release|Win32
		{AF6CE8CE-B4BB-4D19-931A-B6EFFAC0EBAF}.Release|Win32.ActiveCfg = Release|Win32
		{AF6CE8CE-B4BB-4D19-931A-B6EFFAC0EBAF}.Release|x64.ActiveCfg = Release|x64
		{7FD971BB-9947-4D2A-962A-13FC5949CCAD}.Debug|Any CPU.ActiveCfg = Debug|Win32
		{7FD971BB-9947-4D2A-962A-13FC5949CCAD}.Debug|Mixed Platforms.ActiveCfg = Debug|Win32
		{7FD971BB-9947-4D2A-962A-13FC5949CCAD}.Debug|Win32.ActiveCfg = Debug|Win32
		{7FD971BB-9947-4D2A-962A-13FC5949CCAD}.Debug|x64.ActiveCfg = Debug|Win32
		{7FD971BB-9947-4D2A-962A-13FC5949CCAD}.Release|Any CPU.ActiveCfg = Release|Win32
		{7FD971BB-9947-4D2A-962A-13FC5949CCAD}.Release|Mixed Platforms.ActiveCfg = Release|Win32
		{7FD971BB-9947-4D2A-962A-13FC5949CCAD}.Release|Win32.ActiveCfg = Release|Win32
		{7FD971BB-9947-4D2A-962A-13FC5949CCAD}.Release|x64.ActiveCfg = Release|Win32
		{DE848D78-546A-4817-82CC-2D98187BCA42}.Debug|Any CPU.ActiveCfg = Debug|Win32
		{DE848D78-546A-4817-82CC-2D98187BCA42}.Debug|Mixed Platforms.ActiveCfg = Debug|Win32
		{DE848D78-546A-4817-82CC-2D98187BCA42}.Debug|Win32.ActiveCfg = Debug|Win32
		{DE848D78-546A-4817-82CC-2D98187BCA42}.Debug|x64.ActiveCfg = Debug|Win32
		{DE848D78-546A-4817-82CC-2D98187BCA42}.Release|Any CPU.ActiveCfg = Release|Win32
		{DE848D78-546A-4817-82CC-2D98187BCA42}.Release|Mixed Platforms.ActiveCfg = Release|Win32
		{DE848D78-546A-4817-82CC-2D98187BCA42}.Release|Win32.ActiveCfg = Release|Win32
		{DE848D78-546A-4817-82CC-2D98187BCA42}.Release|x64.ActiveCfg = Release|Win32
		{06041416-68BD-475C-94C7-DB38415D0D45}.Debug|Any CPU.ActiveCfg = Debug|Win32
		{06041416-68BD-475C-94C7-DB38415D0D45}.Debug|Mixed Platforms.ActiveCfg = Debug|Win32
		{06041416-68BD-475C-94C7-DB38415D0D45}.Debug|Win32.ActiveCfg = Debug|Win32
		{06041416-68BD-475C-94C7-DB38415D0D45}.Debug|x64.ActiveCfg = Debug|Win32
		{06041416-68BD-475C-94C7-DB38415D0D45}.Release|Any CPU.ActiveCfg = Release|Win32
		{06041416-68BD-475C-94C7-DB38415D0D45}.Release|Mixed Platforms.ActiveCfg = Release|Win32
		{06041416-68BD-475C-94C7-DB38415D0D45}.Release|Win32.ActiveCfg = Release|Win32
		{06041416-68BD-475C-94C7-DB38415D0D45}.Release|x64.ActiveCfg = Release|Win32
		{5A6E96D8-6458-46B8-AC67-D559E03C6181}.Debug|Any CPU.ActiveCfg = Debug|Win32
		{5A6E96D8-6458-46B8-AC67-D559E03C6181}.Debug|Mixed Platforms.ActiveCfg = Debug|Win32
		{5A6E96D8-6458-46B8-AC67-D559E03C6181}.Debug|Win32.ActiveCfg = Debug|Win32
		{5A6E96D8-6458-46B8-AC67-D559E03C6181}.Debug|x64.ActiveCfg = Debug|Win32
		{5A6E96D8-6458-46B8-AC67-D559E03C6181}.Release|Any CPU.ActiveCfg = Release|Win32
		{5A6E96D8-6458-46B8-AC67-D559E03C6181}.Release|Mixed Platforms.ActiveCfg = Release|Win32
		{5A6E96D8-6458-46B8-AC67-D559E03C6181}.Release|Win32.ActiveCfg = Release|Win32
		{5A6E96D8-6458-46B8-AC67-D559E03C6181}.Release|x64.ActiveCfg = Release|Win32
		{FE5BECAE-D5DC-4B59-802D-D53AB69420D8}.Debug|Any CPU.ActiveCfg = Debug|Win32
		{FE5BECAE-D5DC-4B59-802D-D53AB69420D8}.Debug|Mixed Platforms.ActiveCfg = Debug|Win32
		{FE5BECAE-D5DC-4B59-802D-D53AB69420D8}.Debug|Win32.ActiveCfg = Debug|Win32
		{FE5BECAE-D5DC-4B59-802D-D53AB69420D8}.Debug|x64.ActiveCfg = Debug|Win32
		{FE5BECAE-D5DC-4B59-802D-D53AB69420D8}.Release|Any CPU.ActiveCfg = Release|Win32
		{FE5BECAE-D5DC-4B59-802D-D53AB69420D8}.Release|Mixed Platforms.ActiveCfg = Release|Win32
		{FE5BECAE-D5DC-4B59-802D-D53AB69420D8}.Release|Win32.ActiveCfg = Release|Win32
		{FE5BECAE-D5DC-4B59-802D-D53AB69420D8}.Release|x64.ActiveCfg = Release|Win32
		{3D1BB3AB-CC1B-446E-B444-7F009AFE1B38}.Debug|Any CPU.ActiveCfg = Debug|Win32
		{3D1BB3AB-CC1B-446E-B444-7F009AFE1B38}.Debug|Mixed Platforms.ActiveCfg = Debug|Win32
		{3D1BB3AB-CC1B-446E-B444-7F009AFE1B38}.Debug|Win32.ActiveCfg = Debug|Win32
		{3D1BB3AB-CC1B-446E-B444-7F009AFE1B38}.Debug|x64.ActiveCfg = Debug|Win32
		{3D1BB3AB-CC1B-446E-B444-7F009AFE1B38}.Release|Any CPU.ActiveCfg = Release|Win32
		{3D1BB3AB-CC1B-446E-B444-7F009AFE1B38}.Release|Mixed Platforms.ActiveCfg = Release|Win32
		{3D1BB3AB-CC1B-446E-B444-7F009AFE1B38}.Release|Win32.ActiveCfg = Release|Win32
		{3D1BB3AB-CC1B-446E-B444-7F009AFE1B38}.Release|x64.ActiveCfg = Release|Win32
		{2D565473-04BB-49E2-A640-B865F0B2C3A1}.Debug|Any CPU.ActiveCfg = Debug|Win32
		{2D565473-04BB-49E2-A640-B865F0B2C3A1}.Debug|Mixed Platforms.ActiveCfg = Debug|Win32
		{2D565473-04BB-49E2-A640-B865F0B2C3A1}.Debug|Win32.ActiveCfg = Debug|Win32
		{2D565473-04BB-49E2-A640-B865F0B2C3A1}.Debug|x64.ActiveCfg = Debug|Win32
		{2D565473-04BB-49E2-A640-B865F0B2C3A1}.Release|Any CPU.ActiveCfg = Release|Win32
		{2D565473-04BB-49E2-A640-B865F0B2C3A1}.Release|Mixed Platforms.ActiveCfg = Release|Win32
		{2D565473-04BB-49E2-A640-B865F0B2C3A1}.Release|Win32.ActiveCfg = Release|Win32
		{2D565473-04BB-49E2-A640-B865F0B2C3A1}.Release|x64.ActiveCfg = Release|Win32
		{B12702AD-ABFB-343A-A199-8E24837244A3}.Debug|Any CPU.ActiveCfg = Debug|Win32
		{B12702AD-ABFB-343A-A199-8E24837244A3}.Debug|Any CPU.Build.0 = Debug|Win32
		{B12702AD-ABFB-343A-A199-8E24837244A3}.Debug|Mixed Platforms.ActiveCfg = Debug|Win32
		{B12702AD-ABFB-343A-A199-8E24837244A3}.Debug|Mixed Platforms.Build.0 = Debug|Win32
		{B12702AD-ABFB-343A-A199-8E24837244A3}.Debug|Win32.ActiveCfg = Debug|Win32
		{B12702AD-ABFB-343A-A199-8E24837244A3}.Debug|Win32.Build.0 = Debug|Win32
		{B12702AD-ABFB-343A-A199-8E24837244A3}.Debug|x64.ActiveCfg = Debug|Win32
		{B12702AD-ABFB-343A-A199-8E24837244A3}.Debug|x64.Build.0 = Debug|Win32
		{B12702AD-ABFB-343A-A199-8E24837244A3}.Release|Any CPU.ActiveCfg = Release|Win32
		{B12702AD-ABFB-343A-A199-8E24837244A3}.Release|Any CPU.Build.0 = Release|Win32
		{B12702AD-ABFB-343A-A199-8E24837244A3}.Release|Mixed Platforms.ActiveCfg = Release|Win32
		{B12702AD-ABFB-343A-A199-8E24837244A3}.Release|Mixed Platforms.Build.0 = Release|Win32
		{B12702AD-ABFB-343A-A199-8E24837244A3}.Release|Win32.ActiveCfg = Release|Win32
		{B12702AD-ABFB-343A-A199-8E24837244A3}.Release|Win32.Build.0 = Release|Win32
		{B12702AD-ABFB-343A-A199-8E24837244A3}.Release|x64.ActiveCfg = Release|Win32
		{B12702AD-ABFB-343A-A199-8E24837244A3}.Release|x64.Build.0 = Release|Win32
		{C94B7B83-3748-46BA-8EAB-CB8C99969256}.Debug|Any CPU.ActiveCfg = Debug|Win32
		{C94B7B83-3748-46BA-8EAB-CB8C99969256}.Debug|Mixed Platforms.ActiveCfg = Debug|Win32
		{C94B7B83-3748-46BA-8EAB-CB8C99969256}.Debug|Win32.ActiveCfg = Debug|Win32
		{C94B7B83-3748-46BA-8EAB-CB8C99969256}.Debug|x64.ActiveCfg = Debug|Win32
		{C94B7B83-3748-46BA-8EAB-CB8C99969256}.Release|Any CPU.ActiveCfg = Release|Win32
		{C94B7B83-3748-46BA-8EAB-CB8C99969256}.Release|Mixed Platforms.ActiveCfg = Release|Win32
		{C94B7B83-3748-46BA-8EAB-CB8C99969256}.Release|Win32.ActiveCfg = Release|Win32
		{C94B7B83-3748-46BA-8EAB-CB8C99969256}.Release|x64.ActiveCfg = Release|Win32
	EndGlobalSection
	GlobalSection(SolutionProperties) = preSolution
		HideSolutionNode = FALSE
	EndGlobalSection
EndGlobal
